
Microsoft Visual Studio Solution File, Format Version 12.00
# Visual Studio Version 17
VisualStudioVersion = 17.8.34525.116
MinimumVisualStudioVersion = 10.0.40219.1
Project("{F184B08F-C81C-45F6-A57F-5ABD9991F28F}") = "GestionDePallets", "GestionDePallets\GestionDePallets.vbproj", "{6C8CAD55-6579-43B8-A1D2-4788D2403A63}"
EndProject
Global
	GlobalSection(SolutionConfigurationPlatforms) = preSolution
		Debug|Any CPU = Debug|Any CPU
		Release|Any CPU = Release|Any CPU
	EndGlobalSection
	GlobalSection(ProjectConfigurationPlatforms) = postSolution
		{6C8CAD55-6579-43B8-A1D2-4788D2403A63}.Debug|Any CPU.ActiveCfg = Debug|Any CPU
		{6C8CAD55-6579-43B8-A1D2-4788D2403A63}.Debug|Any CPU.Build.0 = Debug|Any CPU
		{6C8CAD55-6579-43B8-A1D2-4788D2403A63}.Release|Any CPU.ActiveCfg = Release|Any CPU
		{6C8CAD55-6579-43B8-A1D2-4788D2403A63}.Release|Any CPU.Build.0 = Release|Any CPU
	EndGlobalSection
	GlobalSection(SolutionProperties) = preSolution
		HideSolutionNode = FALSE
	EndGlobalSection
	GlobalSection(ExtensibilityGlobals) = postSolution
		SolutionGuid = {91499600-BCAE-46EF-8FAF-7906A719DE89}
	EndGlobalSection
EndGlobal
